
Microsoft Visual Studio Solution File, Format Version 12.00
# Visual Studio Version 17
VisualStudioVersion = 17.5.33424.131
MinimumVisualStudioVersion = 10.0.40219.1
Project("{9A19103F-16F7-4668-BE54-9A1E7A4F7556}") = "ConnectorTest", "ConnectorTest.csproj", "{022CABD2-1ABC-401E-A74D-115225F6A5A9}"
EndProject
Project("{9A19103F-16F7-4668-BE54-9A1E7A4F7556}") = "Models", "..\Models\Models.csproj", "{A934B535-C65A-447E-BB7C-F3B2E1444463}"
EndProject
Global
	GlobalSection(SolutionConfigurationPlatforms) = preSolution
		Debug|Any CPU = Debug|Any CPU
		Release|Any CPU = Release|Any CPU
	EndGlobalSection
	GlobalSection(ProjectConfigurationPlatforms) = postSolution
		{022CABD2-1ABC-401E-A74D-115225F6A5A9}.Debug|Any CPU.ActiveCfg = Debug|Any CPU
		{022CABD2-1ABC-401E-A74D-115225F6A5A9}.Debug|Any CPU.Build.0 = Debug|Any CPU
		{022CABD2-1ABC-401E-A74D-115225F6A5A9}.Release|Any CPU.ActiveCfg = Release|Any CPU
		{022CABD2-1ABC-401E-A74D-115225F6A5A9}.Release|Any CPU.Build.0 = Release|Any CPU
		{A934B535-C65A-447E-BB7C-F3B2E1444463}.Debug|Any CPU.ActiveCfg = Debug|Any CPU
		{A934B535-C65A-447E-BB7C-F3B2E1444463}.Debug|Any CPU.Build.0 = Debug|Any CPU
		{A934B535-C65A-447E-BB7C-F3B2E1444463}.Release|Any CPU.ActiveCfg = Release|Any CPU
		{A934B535-C65A-447E-BB7C-F3B2E1444463}.Release|Any CPU.Build.0 = Release|Any CPU
	EndGlobalSection
	GlobalSection(SolutionProperties) = preSolution
		HideSolutionNode = FALSE
	EndGlobalSection
	GlobalSection(ExtensibilityGlobals) = postSolution
		SolutionGuid = {C452112C-8F6E-45ED-9A07-ECFA214288E0}
	EndGlobalSection
EndGlobal
